// !$*UTF8*$!
{
	archiveVersion = 1;
	classes = {
	};
	objectVersion = 46;
	objects = {

/* Begin PBXBuildFile section */
		0C3FD634187A93E6006A473F /* Foundation.framework in Frameworks */ = {isa = PBXBuildFile; fileRef = 0C3FD633187A93E6006A473F /* Foundation.framework */; };
		0C3FD636187A93E6006A473F /* CoreGraphics.framework in Frameworks */ = {isa = PBXBuildFile; fileRef = 0C3FD635187A93E6006A473F /* CoreGraphics.framework */; };
		0C3FD638187A93E6006A473F /* UIKit.framework in Frameworks */ = {isa = PBXBuildFile; fileRef = 0C3FD637187A93E6006A473F /* UIKit.framework */; };
		0C3FD63E187A93E6006A473F /* InfoPlist.strings in Resources */ = {isa = PBXBuildFile; fileRef = 0C3FD63C187A93E6006A473F /* InfoPlist.strings */; };
		0C3FD640187A93E6006A473F /* main.m in Sources */ = {isa = PBXBuildFile; fileRef = 0C3FD63F187A93E6006A473F /* main.m */; };
		0C3FD644187A93E6006A473F /* DSXAppDelegate.m in Sources */ = {isa = PBXBuildFile; fileRef = 0C3FD643187A93E6006A473F /* DSXAppDelegate.m */; };
		0C3FD646187A93E6006A473F /* Images.xcassets in Resources */ = {isa = PBXBuildFile; fileRef = 0C3FD645187A93E6006A473F /* Images.xcassets */; };
		0C3FD64D187A93E6006A473F /* XCTest.framework in Frameworks */ = {isa = PBXBuildFile; fileRef = 0C3FD64C187A93E6006A473F /* XCTest.framework */; };
		0C3FD64E187A93E6006A473F /* Foundation.framework in Frameworks */ = {isa = PBXBuildFile; fileRef = 0C3FD633187A93E6006A473F /* Foundation.framework */; };
		0C3FD64F187A93E6006A473F /* UIKit.framework in Frameworks */ = {isa = PBXBuildFile; fileRef = 0C3FD637187A93E6006A473F /* UIKit.framework */; };
		0C3FD657187A93E6006A473F /* InfoPlist.strings in Resources */ = {isa = PBXBuildFile; fileRef = 0C3FD655187A93E6006A473F /* InfoPlist.strings */; };
		0C3FD659187A93E6006A473F /* DSXAwesomeKitTests.m in Sources */ = {isa = PBXBuildFile; fileRef = 0C3FD658187A93E6006A473F /* DSXAwesomeKitTests.m */; };
		0C3FD665187A94BC006A473F /* DSXVerticalSlider.m in Sources */ = {isa = PBXBuildFile; fileRef = 0C3FD664187A94BC006A473F /* DSXVerticalSlider.m */; };
		0C8B2DA7187D0D0700D6D81C /* UIImage+DSXIcons.m in Sources */ = {isa = PBXBuildFile; fileRef = 0C8B2DA6187D0D0700D6D81C /* UIImage+DSXIcons.m */; };
		E13953794B9D44D9BB7EF6E7 /* libPods.a in Frameworks */ = {isa = PBXBuildFile; fileRef = BE4699DA91644053AC17F79E /* libPods.a */; };
/* End PBXBuildFile section */

/* Begin PBXContainerItemProxy section */
		0C3FD650187A93E6006A473F /* PBXContainerItemProxy */ = {
			isa = PBXContainerItemProxy;
			containerPortal = 0C3FD628187A93E6006A473F /* Project object */;
			proxyType = 1;
			remoteGlobalIDString = 0C3FD62F187A93E6006A473F;
			remoteInfo = DSXAwesomeKit;
		};
/* End PBXContainerItemProxy section */

/* Begin PBXFileReference section */
		0C3FD630187A93E6006A473F /* DSXAwesomeKit.app */ = {isa = PBXFileReference; explicitFileType = wrapper.application; includeInIndex = 0; path = DSXAwesomeKit.app; sourceTree = BUILT_PRODUCTS_DIR; };
		0C3FD633187A93E6006A473F /* Foundation.framework */ = {isa = PBXFileReference; lastKnownFileType = wrapper.framework; name = Foundation.framework; path = System/Library/Frameworks/Foundation.framework; sourceTree = SDKROOT; };
		0C3FD635187A93E6006A473F /* CoreGraphics.framework */ = {isa = PBXFileReference; lastKnownFileType = wrapper.framework; name = CoreGraphics.framework; path = System/Library/Frameworks/CoreGraphics.framework; sourceTree = SDKROOT; };
		0C3FD637187A93E6006A473F /* UIKit.framework */ = {isa = PBXFileReference; lastKnownFileType = wrapper.framework; name = UIKit.framework; path = System/Library/Frameworks/UIKit.framework; sourceTree = SDKROOT; };
		0C3FD63B187A93E6006A473F /* DSXAwesomeKit-Info.plist */ = {isa = PBXFileReference; lastKnownFileType = text.plist.xml; path = "DSXAwesomeKit-Info.plist"; sourceTree = "<group>"; };
		0C3FD63D187A93E6006A473F /* en */ = {isa = PBXFileReference; lastKnownFileType = text.plist.strings; name = en; path = en.lproj/InfoPlist.strings; sourceTree = "<group>"; };
		0C3FD63F187A93E6006A473F /* main.m */ = {isa = PBXFileReference; lastKnownFileType = sourcecode.c.objc; path = main.m; sourceTree = "<group>"; };
		0C3FD641187A93E6006A473F /* DSXAwesomeKit-Prefix.pch */ = {isa = PBXFileReference; lastKnownFileType = sourcecode.c.h; path = "DSXAwesomeKit-Prefix.pch"; sourceTree = "<group>"; };
		0C3FD642187A93E6006A473F /* DSXAppDelegate.h */ = {isa = PBXFileReference; lastKnownFileType = sourcecode.c.h; path = DSXAppDelegate.h; sourceTree = "<group>"; };
		0C3FD643187A93E6006A473F /* DSXAppDelegate.m */ = {isa = PBXFileReference; lastKnownFileType = sourcecode.c.objc; path = DSXAppDelegate.m; sourceTree = "<group>"; };
		0C3FD645187A93E6006A473F /* Images.xcassets */ = {isa = PBXFileReference; lastKnownFileType = folder.assetcatalog; path = Images.xcassets; sourceTree = "<group>"; };
		0C3FD64B187A93E6006A473F /* DSXAwesomeKitTests.xctest */ = {isa = PBXFileReference; explicitFileType = wrapper.cfbundle; includeInIndex = 0; path = DSXAwesomeKitTests.xctest; sourceTree = BUILT_PRODUCTS_DIR; };
		0C3FD64C187A93E6006A473F /* XCTest.framework */ = {isa = PBXFileReference; lastKnownFileType = wrapper.framework; name = XCTest.framework; path = Library/Frameworks/XCTest.framework; sourceTree = DEVELOPER_DIR; };
		0C3FD654187A93E6006A473F /* DSXAwesomeKitTests-Info.plist */ = {isa = PBXFileReference; lastKnownFileType = text.plist.xml; path = "DSXAwesomeKitTests-Info.plist"; sourceTree = "<group>"; };
		0C3FD656187A93E6006A473F /* en */ = {isa = PBXFileReference; lastKnownFileType = text.plist.strings; name = en; path = en.lproj/InfoPlist.strings; sourceTree = "<group>"; };
		0C3FD658187A93E6006A473F /* DSXAwesomeKitTests.m */ = {isa = PBXFileReference; lastKnownFileType = sourcecode.c.objc; path = DSXAwesomeKitTests.m; sourceTree = "<group>"; };
		0C3FD663187A94BC006A473F /* DSXVerticalSlider.h */ = {isa = PBXFileReference; fileEncoding = 4; lastKnownFileType = sourcecode.c.h; path = DSXVerticalSlider.h; sourceTree = "<group>"; };
		0C3FD664187A94BC006A473F /* DSXVerticalSlider.m */ = {isa = PBXFileReference; fileEncoding = 4; lastKnownFileType = sourcecode.c.objc; path = DSXVerticalSlider.m; sourceTree = "<group>"; };
		0C8B2DA5187D0D0700D6D81C /* UIImage+DSXIcons.h */ = {isa = PBXFileReference; fileEncoding = 4; lastKnownFileType = sourcecode.c.h; path = "UIImage+DSXIcons.h"; sourceTree = "<group>"; };
		0C8B2DA6187D0D0700D6D81C /* UIImage+DSXIcons.m */ = {isa = PBXFileReference; fileEncoding = 4; lastKnownFileType = sourcecode.c.objc; path = "UIImage+DSXIcons.m"; sourceTree = "<group>"; };
		984F52A7A0614999B94D8768 /* Pods.xcconfig */ = {isa = PBXFileReference; includeInIndex = 1; lastKnownFileType = text.xcconfig; name = Pods.xcconfig; path = Pods/Pods.xcconfig; sourceTree = "<group>"; };
		BE4699DA91644053AC17F79E /* libPods.a */ = {isa = PBXFileReference; explicitFileType = archive.ar; includeInIndex = 0; path = libPods.a; sourceTree = BUILT_PRODUCTS_DIR; };
/* End PBXFileReference section */

/* Begin PBXFrameworksBuildPhase section */
		0C3FD62D187A93E6006A473F /* Frameworks */ = {
			isa = PBXFrameworksBuildPhase;
			buildActionMask = 2147483647;
			files = (
				0C3FD636187A93E6006A473F /* CoreGraphics.framework in Frameworks */,
				0C3FD638187A93E6006A473F /* UIKit.framework in Frameworks */,
				0C3FD634187A93E6006A473F /* Foundation.framework in Frameworks */,
				E13953794B9D44D9BB7EF6E7 /* libPods.a in Frameworks */,
			);
			runOnlyForDeploymentPostprocessing = 0;
		};
		0C3FD648187A93E6006A473F /* Frameworks */ = {
			isa = PBXFrameworksBuildPhase;
			buildActionMask = 2147483647;
			files = (
				0C3FD64D187A93E6006A473F /* XCTest.framework in Frameworks */,
				0C3FD64F187A93E6006A473F /* UIKit.framework in Frameworks */,
				0C3FD64E187A93E6006A473F /* Foundation.framework in Frameworks */,
			);
			runOnlyForDeploymentPostprocessing = 0;
		};
/* End PBXFrameworksBuildPhase section */

/* Begin PBXGroup section */
		0C3FD627187A93E6006A473F = {
			isa = PBXGroup;
			children = (
				0C3FD639187A93E6006A473F /* DSXAwesomeKit */,
				0C3FD652187A93E6006A473F /* DSXAwesomeKitTests */,
				0C3FD632187A93E6006A473F /* Frameworks */,
				0C3FD631187A93E6006A473F /* Products */,
				984F52A7A0614999B94D8768 /* Pods.xcconfig */,
			);
			sourceTree = "<group>";
		};
		0C3FD631187A93E6006A473F /* Products */ = {
			isa = PBXGroup;
			children = (
				0C3FD630187A93E6006A473F /* DSXAwesomeKit.app */,
				0C3FD64B187A93E6006A473F /* DSXAwesomeKitTests.xctest */,
			);
			name = Products;
			sourceTree = "<group>";
		};
		0C3FD632187A93E6006A473F /* Frameworks */ = {
			isa = PBXGroup;
			children = (
				0C3FD633187A93E6006A473F /* Foundation.framework */,
				0C3FD635187A93E6006A473F /* CoreGraphics.framework */,
				0C3FD637187A93E6006A473F /* UIKit.framework */,
				0C3FD64C187A93E6006A473F /* XCTest.framework */,
				BE4699DA91644053AC17F79E /* libPods.a */,
			);
			name = Frameworks;
			sourceTree = "<group>";
		};
		0C3FD639187A93E6006A473F /* DSXAwesomeKit */ = {
			isa = PBXGroup;
			children = (
				0C8B2DA4187D0C3700D6D81C /* Categories */,
				0C3FD662187A94AB006A473F /* Views */,
				0C3FD642187A93E6006A473F /* DSXAppDelegate.h */,
				0C3FD643187A93E6006A473F /* DSXAppDelegate.m */,
				0C3FD645187A93E6006A473F /* Images.xcassets */,
				0C3FD63A187A93E6006A473F /* Supporting Files */,
			);
			path = DSXAwesomeKit;
			sourceTree = "<group>";
		};
		0C3FD63A187A93E6006A473F /* Supporting Files */ = {
			isa = PBXGroup;
			children = (
				0C3FD63B187A93E6006A473F /* DSXAwesomeKit-Info.plist */,
				0C3FD63C187A93E6006A473F /* InfoPlist.strings */,
				0C3FD63F187A93E6006A473F /* main.m */,
				0C3FD641187A93E6006A473F /* DSXAwesomeKit-Prefix.pch */,
			);
			name = "Supporting Files";
			sourceTree = "<group>";
		};
		0C3FD652187A93E6006A473F /* DSXAwesomeKitTests */ = {
			isa = PBXGroup;
			children = (
				0C3FD658187A93E6006A473F /* DSXAwesomeKitTests.m */,
				0C3FD653187A93E6006A473F /* Supporting Files */,
			);
			path = DSXAwesomeKitTests;
			sourceTree = "<group>";
		};
		0C3FD653187A93E6006A473F /* Supporting Files */ = {
			isa = PBXGroup;
			children = (
				0C3FD654187A93E6006A473F /* DSXAwesomeKitTests-Info.plist */,
				0C3FD655187A93E6006A473F /* InfoPlist.strings */,
			);
			name = "Supporting Files";
			sourceTree = "<group>";
		};
		0C3FD662187A94AB006A473F /* Views */ = {
			isa = PBXGroup;
			children = (
				0C3FD663187A94BC006A473F /* DSXVerticalSlider.h */,
				0C3FD664187A94BC006A473F /* DSXVerticalSlider.m */,
			);
			name = Views;
			sourceTree = "<group>";
		};
		0C8B2DA4187D0C3700D6D81C /* Categories */ = {
			isa = PBXGroup;
			children = (
				0C8B2DA5187D0D0700D6D81C /* UIImage+DSXIcons.h */,
				0C8B2DA6187D0D0700D6D81C /* UIImage+DSXIcons.m */,
			);
			name = Categories;
			sourceTree = "<group>";
		};
/* End PBXGroup section */

/* Begin PBXNativeTarget section */
		0C3FD62F187A93E6006A473F /* DSXAwesomeKit */ = {
			isa = PBXNativeTarget;
			buildConfigurationList = 0C3FD65C187A93E6006A473F /* Build configuration list for PBXNativeTarget "DSXAwesomeKit" */;
			buildPhases = (
				38E5BE296FC24581834E2D55 /* Check Pods Manifest.lock */,
				0C3FD62C187A93E6006A473F /* Sources */,
				0C3FD62D187A93E6006A473F /* Frameworks */,
				0C3FD62E187A93E6006A473F /* Resources */,
				17DA7A8361F642D181CD35D5 /* Copy Pods Resources */,
			);
			buildRules = (
			);
			dependencies = (
			);
			name = DSXAwesomeKit;
			productName = DSXAwesomeKit;
			productReference = 0C3FD630187A93E6006A473F /* DSXAwesomeKit.app */;
			productType = "com.apple.product-type.application";
		};
		0C3FD64A187A93E6006A473F /* DSXAwesomeKitTests */ = {
			isa = PBXNativeTarget;
			buildConfigurationList = 0C3FD65F187A93E6006A473F /* Build configuration list for PBXNativeTarget "DSXAwesomeKitTests" */;
			buildPhases = (
				0C3FD647187A93E6006A473F /* Sources */,
				0C3FD648187A93E6006A473F /* Frameworks */,
				0C3FD649187A93E6006A473F /* Resources */,
			);
			buildRules = (
			);
			dependencies = (
				0C3FD651187A93E6006A473F /* PBXTargetDependency */,
			);
			name = DSXAwesomeKitTests;
			productName = DSXAwesomeKitTests;
			productReference = 0C3FD64B187A93E6006A473F /* DSXAwesomeKitTests.xctest */;
			productType = "com.apple.product-type.bundle.unit-test";
		};
/* End PBXNativeTarget section */

/* Begin PBXProject section */
		0C3FD628187A93E6006A473F /* Project object */ = {
			isa = PBXProject;
			attributes = {
				CLASSPREFIX = DSX;
				LastUpgradeCheck = 0500;
				ORGANIZATIONNAME = "Dave Schukin";
				TargetAttributes = {
					0C3FD64A187A93E6006A473F = {
						TestTargetID = 0C3FD62F187A93E6006A473F;
					};
				};
			};
			buildConfigurationList = 0C3FD62B187A93E6006A473F /* Build configuration list for PBXProject "DSXAwesomeKit" */;
			compatibilityVersion = "Xcode 3.2";
			developmentRegion = English;
			hasScannedForEncodings = 0;
			knownRegions = (
				en,
			);
			mainGroup = 0C3FD627187A93E6006A473F;
			productRefGroup = 0C3FD631187A93E6006A473F /* Products */;
			projectDirPath = "";
			projectRoot = "";
			targets = (
				0C3FD62F187A93E6006A473F /* DSXAwesomeKit */,
				0C3FD64A187A93E6006A473F /* DSXAwesomeKitTests */,
			);
		};
/* End PBXProject section */

/* Begin PBXResourcesBuildPhase section */
		0C3FD62E187A93E6006A473F /* Resources */ = {
			isa = PBXResourcesBuildPhase;
			buildActionMask = 2147483647;
			files = (
				0C3FD63E187A93E6006A473F /* InfoPlist.strings in Resources */,
				0C3FD646187A93E6006A473F /* Images.xcassets in Resources */,
			);
			runOnlyForDeploymentPostprocessing = 0;
		};
		0C3FD649187A93E6006A473F /* Resources */ = {
			isa = PBXResourcesBuildPhase;
			buildActionMask = 2147483647;
			files = (
				0C3FD657187A93E6006A473F /* InfoPlist.strings in Resources */,
			);
			runOnlyForDeploymentPostprocessing = 0;
		};
/* End PBXResourcesBuildPhase section */

/* Begin PBXShellScriptBuildPhase section */
		17DA7A8361F642D181CD35D5 /* Copy Pods Resources */ = {
			isa = PBXShellScriptBuildPhase;
			buildActionMask = 2147483647;
			files = (
			);
			inputPaths = (
			);
			name = "Copy Pods Resources";
			outputPaths = (
			);
			runOnlyForDeploymentPostprocessing = 0;
			shellPath = /bin/sh;
			shellScript = "\"${SRCROOT}/Pods/Pods-resources.sh\"\n";
			showEnvVarsInLog = 0;
		};
		38E5BE296FC24581834E2D55 /* Check Pods Manifest.lock */ = {
			isa = PBXShellScriptBuildPhase;
			buildActionMask = 2147483647;
			files = (
			);
			inputPaths = (
			);
			name = "Check Pods Manifest.lock";
			outputPaths = (
			);
			runOnlyForDeploymentPostprocessing = 0;
			shellPath = /bin/sh;
			shellScript = "diff \"${PODS_ROOT}/../Podfile.lock\" \"${PODS_ROOT}/Manifest.lock\" > /dev/null\nif [[ $? != 0 ]] ; then\n    cat << EOM\nerror: The sandbox is not in sync with the Podfile.lock. Run 'pod install' or update your CocoaPods installation.\nEOM\n    exit 1\nfi\n";
			showEnvVarsInLog = 0;
		};
/* End PBXShellScriptBuildPhase section */

/* Begin PBXSourcesBuildPhase section */
		0C3FD62C187A93E6006A473F /* Sources */ = {
			isa = PBXSourcesBuildPhase;
			buildActionMask = 2147483647;
			files = (
				0C8B2DA7187D0D0700D6D81C /* UIImage+DSXIcons.m in Sources */,
				0C3FD665187A94BC006A473F /* DSXVerticalSlider.m in Sources */,
				0C3FD644187A93E6006A473F /* DSXAppDelegate.m in Sources */,
				0C3FD640187A93E6006A473F /* main.m in Sources */,
			);
			runOnlyForDeploymentPostprocessing = 0;
		};
		0C3FD647187A93E6006A473F /* Sources */ = {
			isa = PBXSourcesBuildPhase;
			buildActionMask = 2147483647;
			files = (
				0C3FD659187A93E6006A473F /* DSXAwesomeKitTests.m in Sources */,
			);
			runOnlyForDeploymentPostprocessing = 0;
		};
/* End PBXSourcesBuildPhase section */

/* Begin PBXTargetDependency section */
		0C3FD651187A93E6006A473F /* PBXTargetDependency */ = {
			isa = PBXTargetDependency;
			target = 0C3FD62F187A93E6006A473F /* DSXAwesomeKit */;
			targetProxy = 0C3FD650187A93E6006A473F /* PBXContainerItemProxy */;
		};
/* End PBXTargetDependency section */

/* Begin PBXVariantGroup section */
		0C3FD63C187A93E6006A473F /* InfoPlist.strings */ = {
			isa = PBXVariantGroup;
			children = (
				0C3FD63D187A93E6006A473F /* en */,
			);
			name = InfoPlist.strings;
			sourceTree = "<group>";
		};
		0C3FD655187A93E6006A473F /* InfoPlist.strings */ = {
			isa = PBXVariantGroup;
			children = (
				0C3FD656187A93E6006A473F /* en */,
			);
			name = InfoPlist.strings;
			sourceTree = "<group>";
		};
/* End PBXVariantGroup section */

/* Begin XCBuildConfiguration section */
		0C3FD65A187A93E6006A473F /* Debug */ = {
			isa = XCBuildConfiguration;
			buildSettings = {
				ALWAYS_SEARCH_USER_PATHS = NO;
				ARCHS = "$(ARCHS_STANDARD_INCLUDING_64_BIT)";
				CLANG_CXX_LANGUAGE_STANDARD = "gnu++0x";
				CLANG_CXX_LIBRARY = "libc++";
				CLANG_ENABLE_MODULES = YES;
				CLANG_ENABLE_OBJC_ARC = YES;
				CLANG_WARN_BOOL_CONVERSION = YES;
				CLANG_WARN_CONSTANT_CONVERSION = YES;
				CLANG_WARN_DIRECT_OBJC_ISA_USAGE = YES_ERROR;
				CLANG_WARN_EMPTY_BODY = YES;
				CLANG_WARN_ENUM_CONVERSION = YES;
				CLANG_WARN_INT_CONVERSION = YES;
				CLANG_WARN_OBJC_ROOT_CLASS = YES_ERROR;
				CLANG_WARN__DUPLICATE_METHOD_MATCH = YES;
				"CODE_SIGN_IDENTITY[sdk=iphoneos*]" = "iPhone Developer";
				COPY_PHASE_STRIP = NO;
				GCC_C_LANGUAGE_STANDARD = gnu99;
				GCC_DYNAMIC_NO_PIC = NO;
				GCC_OPTIMIZATION_LEVEL = 0;
				GCC_PREPROCESSOR_DEFINITIONS = (
					"DEBUG=1",
					"$(inherited)",
				);
				GCC_SYMBOLS_PRIVATE_EXTERN = NO;
				GCC_WARN_64_TO_32_BIT_CONVERSION = YES;
				GCC_WARN_ABOUT_RETURN_TYPE = YES_ERROR;
				GCC_WARN_UNDECLARED_SELECTOR = YES;
				GCC_WARN_UNINITIALIZED_AUTOS = YES;
				GCC_WARN_UNUSED_FUNCTION = YES;
				GCC_WARN_UNUSED_VARIABLE = YES;
				IPHONEOS_DEPLOYMENT_TARGET = 7.0;
				ONLY_ACTIVE_ARCH = YES;
				SDKROOT = iphoneos;
			};
			name = Debug;
		};
		0C3FD65B187A93E6006A473F /* Release */ = {
			isa = XCBuildConfiguration;
			buildSettings = {
				ALWAYS_SEARCH_USER_PATHS = NO;
				ARCHS = "$(ARCHS_STANDARD_INCLUDING_64_BIT)";
				CLANG_CXX_LANGUAGE_STANDARD = "gnu++0x";
				CLANG_CXX_LIBRARY = "libc++";
				CLANG_ENABLE_MODULES = YES;
				CLANG_ENABLE_OBJC_ARC = YES;
				CLANG_WARN_BOOL_CONVERSION = YES;
				CLANG_WARN_CONSTANT_CONVERSION = YES;
				CLANG_WARN_DIRECT_OBJC_ISA_USAGE = YES_ERROR;
				CLANG_WARN_EMPTY_BODY = YES;
				CLANG_WARN_ENUM_CONVERSION = YES;
				CLANG_WARN_INT_CONVERSION = YES;
				CLANG_WARN_OBJC_ROOT_CLASS = YES_ERROR;
				CLANG_WARN__DUPLICATE_METHOD_MATCH = YES;
				"CODE_SIGN_IDENTITY[sdk=iphoneos*]" = "iPhone Developer";
				COPY_PHASE_STRIP = YES;
				ENABLE_NS_ASSERTIONS = NO;
				GCC_C_LANGUAGE_STANDARD = gnu99;
				GCC_WARN_64_TO_32_BIT_CONVERSION = YES;
				GCC_WARN_ABOUT_RETURN_TYPE = YES_ERROR;
				GCC_WARN_UNDECLARED_SELECTOR = YES;
				GCC_WARN_UNINITIALIZED_AUTOS = YES;
				GCC_WARN_UNUSED_FUNCTION = YES;
				GCC_WARN_UNUSED_VARIABLE = YES;
				IPHONEOS_DEPLOYMENT_TARGET = 7.0;
				SDKROOT = iphoneos;
				VALIDATE_PRODUCT = YES;
			};
			name = Release;
		};
		0C3FD65D187A93E6006A473F /* Debug */ = {
			isa = XCBuildConfiguration;
			baseConfigurationReference = 984F52A7A0614999B94D8768 /* Pods.xcconfig */;
			buildSettings = {
				ASSETCATALOG_COMPILER_APPICON_NAME = AppIcon;
				ASSETCATALOG_COMPILER_LAUNCHIMAGE_NAME = LaunchImage;
				GCC_PRECOMPILE_PREFIX_HEADER = YES;
				GCC_PREFIX_HEADER = "DSXAwesomeKit/DSXAwesomeKit-Prefix.pch";
				INFOPLIST_FILE = "DSXAwesomeKit/DSXAwesomeKit-Info.plist";
				PRODUCT_NAME = "$(TARGET_NAME)";
				WRAPPER_EXTENSION = app;
			};
			name = Debug;
		};
		0C3FD65E187A93E6006A473F /* Release */ = {
			isa = XCBuildConfiguration;
			baseConfigurationReference = 984F52A7A0614999B94D8768 /* Pods.xcconfig */;
			buildSettings = {
				ASSETCATALOG_COMPILER_APPICON_NAME = AppIcon;
				ASSETCATALOG_COMPILER_LAUNCHIMAGE_NAME = LaunchImage;
				GCC_PRECOMPILE_PREFIX_HEADER = YES;
				GCC_PREFIX_HEADER = "DSXAwesomeKit/DSXAwesomeKit-Prefix.pch";
				INFOPLIST_FILE = "DSXAwesomeKit/DSXAwesomeKit-Info.plist";
				PRODUCT_NAME = "$(TARGET_NAME)";
				WRAPPER_EXTENSION = app;
			};
			name = Release;
		};
		0C3FD660187A93E6006A473F /* Debug */ = {
			isa = XCBuildConfiguration;
			buildSettings = {
				ARCHS = "$(ARCHS_STANDARD_INCLUDING_64_BIT)";
				BUNDLE_LOADER = "$(BUILT_PRODUCTS_DIR)/DSXAwesomeKit.app/DSXAwesomeKit";
				FRAMEWORK_SEARCH_PATHS = (
					"$(SDKROOT)/Developer/Library/Frameworks",
					"$(inherited)",
					"$(DEVELOPER_FRAMEWORKS_DIR)",
				);
				GCC_PRECOMPILE_PREFIX_HEADER = YES;
				GCC_PREFIX_HEADER = "DSXAwesomeKit/DSXAwesomeKit-Prefix.pch";
				GCC_PREPROCESSOR_DEFINITIONS = (
					"DEBUG=1",
					"$(inherited)",
				);
				INFOPLIST_FILE = "DSXAwesomeKitTests/DSXAwesomeKitTests-Info.plist";
				PRODUCT_NAME = "$(TARGET_NAME)";
				TEST_HOST = "$(BUNDLE_LOADER)";
				WRAPPER_EXTENSION = xctest;
			};
			name = Debug;
		};
		0C3FD661187A93E6006A473F /* Release */ = {
			isa = XCBuildConfiguration;
			buildSettings = {
				ARCHS = "$(ARCHS_STANDARD_INCLUDING_64_BIT)";
				BUNDLE_LOADER = "$(BUILT_PRODUCTS_DIR)/DSXAwesomeKit.app/DSXAwesomeKit";
				FRAMEWORK_SEARCH_PATHS = (
					"$(SDKROOT)/Developer/Library/Frameworks",
					"$(inherited)",
					"$(DEVELOPER_FRAMEWORKS_DIR)",
				);
				GCC_PRECOMPILE_PREFIX_HEADER = YES;
				GCC_PREFIX_HEADER = "DSXAwesomeKit/DSXAwesomeKit-Prefix.pch";
				INFOPLIST_FILE = "DSXAwesomeKitTests/DSXAwesomeKitTests-Info.plist";
				PRODUCT_NAME = "$(TARGET_NAME)";
				TEST_HOST = "$(BUNDLE_LOADER)";
				WRAPPER_EXTENSION = xctest;
			};
			name = Release;
		};
/* End XCBuildConfiguration section */

/* Begin XCConfigurationList section */
		0C3FD62B187A93E6006A473F /* Build configuration list for PBXProject "DSXAwesomeKit" */ = {
			isa = XCConfigurationList;
			buildConfigurations = (
				0C3FD65A187A93E6006A473F /* Debug */,
				0C3FD65B187A93E6006A473F /* Release */,
			);
			defaultConfigurationIsVisible = 0;
			defaultConfigurationName = Release;
		};
		0C3FD65C187A93E6006A473F /* Build configuration list for PBXNativeTarget "DSXAwesomeKit" */ = {
			isa = XCConfigurationList;
			buildConfigurations = (
				0C3FD65D187A93E6006A473F /* Debug */,
				0C3FD65E187A93E6006A473F /* Release */,
			);
			defaultConfigurationIsVisible = 0;
			defaultConfigurationName = Release;
		};
		0C3FD65F187A93E6006A473F /* Build configuration list for PBXNativeTarget "DSXAwesomeKitTests" */ = {
			isa = XCConfigurationList;
			buildConfigurations = (
				0C3FD660187A93E6006A473F /* Debug */,
				0C3FD661187A93E6006A473F /* Release */,
			);
			defaultConfigurationIsVisible = 0;
			defaultConfigurationName = Release;
		};
/* End XCConfigurationList section */
	};
	rootObject = 0C3FD628187A93E6006A473F /* Project object */;
}
